
Microsoft Visual Studio Solution File, Format Version 12.00
# Visual Studio Version 17
VisualStudioVersion = 17.5.002.0
MinimumVisualStudioVersion = 10.0.40219.1
Project("{9A19103F-16F7-4668-BE54-9A1E7A4F7556}") = "gnomephichat", "gnomephichat.csproj", "{A9650F7A-B289-494C-8538-5EC298A09B43}"
EndProject
Global
	GlobalSection(SolutionConfigurationPlatforms) = preSolution
		Debug|Any CPU = Debug|Any CPU
		Release|Any CPU = Release|Any CPU
	EndGlobalSection
	GlobalSection(ProjectConfigurationPlatforms) = postSolution
		{A9650F7A-B289-494C-8538-5EC298A09B43}.Debug|Any CPU.ActiveCfg = Debug|Any CPU
		{A9650F7A-B289-494C-8538-5EC298A09B43}.Debug|Any CPU.Build.0 = Debug|Any CPU
		{A9650F7A-B289-494C-8538-5EC298A09B43}.Release|Any CPU.ActiveCfg = Release|Any CPU
		{A9650F7A-B289-494C-8538-5EC298A09B43}.Release|Any CPU.Build.0 = Release|Any CPU
	EndGlobalSection
	GlobalSection(SolutionProperties) = preSolution
		HideSolutionNode = FALSE
	EndGlobalSection
	GlobalSection(ExtensibilityGlobals) = postSolution
		SolutionGuid = {EA0438EB-166B-416D-BFBC-024D653194E0}
	EndGlobalSection
EndGlobal
